
Microsoft Visual Studio Solution File, Format Version 12.00
# Visual Studio 2012
Project("{FAE04EC0-301F-11D3-BF4B-00C04F79EFBC}") = "DemoLab6", "DemoLab6\DemoLab6.csproj", "{00F7D0F3-E257-4FF3-AD55-0FA87B84E0DB}"
EndProject
Global
	GlobalSection(SolutionConfigurationPlatforms) = preSolution
		Debug|Any CPU = Debug|Any CPU
		Release|Any CPU = Release|Any CPU
	EndGlobalSection
	GlobalSection(ProjectConfigurationPlatforms) = postSolution
		{00F7D0F3-E257-4FF3-AD55-0FA87B84E0DB}.Debug|Any CPU.ActiveCfg = Debug|Any CPU
		{00F7D0F3-E257-4FF3-AD55-0FA87B84E0DB}.Debug|Any CPU.Build.0 = Debug|Any CPU
		{00F7D0F3-E257-4FF3-AD55-0FA87B84E0DB}.Release|Any CPU.ActiveCfg = Release|Any CPU
		{00F7D0F3-E257-4FF3-AD55-0FA87B84E0DB}.Release|Any CPU.Build.0 = Release|Any CPU
	EndGlobalSection
	GlobalSection(SolutionProperties) = preSolution
		HideSolutionNode = FALSE
	EndGlobalSection
EndGlobal
